
Microsoft Visual Studio Solution File, Format Version 12.00
# Visual Studio Version 16
VisualStudioVersion = 16.0.30611.23
MinimumVisualStudioVersion = 10.0.40219.1
Project("{FAE04EC0-301F-11D3-BF4B-00C04F79EFBC}") = "GoogleMaps", "GoogleMaps.csproj", "{ABE62202-3B91-4795-AE4F-E9E843FC8A05}"
EndProject
Global
	GlobalSection(SolutionConfigurationPlatforms) = preSolution
		Debug|Any CPU = Debug|Any CPU
		Release|Any CPU = Release|Any CPU
	EndGlobalSection
	GlobalSection(ProjectConfigurationPlatforms) = postSolution
		{ABE62202-3B91-4795-AE4F-E9E843FC8A05}.Debug|Any CPU.ActiveCfg = Debug|Any CPU
		{ABE62202-3B91-4795-AE4F-E9E843FC8A05}.Debug|Any CPU.Build.0 = Debug|Any CPU
		{ABE62202-3B91-4795-AE4F-E9E843FC8A05}.Release|Any CPU.ActiveCfg = Release|Any CPU
		{ABE62202-3B91-4795-AE4F-E9E843FC8A05}.Release|Any CPU.Build.0 = Release|Any CPU
	EndGlobalSection
	GlobalSection(SolutionProperties) = preSolution
		HideSolutionNode = FALSE
	EndGlobalSection
	GlobalSection(ExtensibilityGlobals) = postSolution
		SolutionGuid = {7116D793-27AB-4A33-9119-D5186008F0AB}
	EndGlobalSection
EndGlobal
